
Microsoft Visual Studio Solution File, Format Version 12.00
# Visual Studio Version 16
VisualStudioVersion = 16.0.31321.278
MinimumVisualStudioVersion = 10.0.40219.1
Project("{FAE04EC0-301F-11D3-BF4B-00C04F79EFBC}") = "FPS-Engine", "FPS-Engine.csproj", "{3537F080-5F0D-4887-B315-48F95648BCC4}"
EndProject
Global
	GlobalSection(SolutionConfigurationPlatforms) = preSolution
		Debug|Any CPU = Debug|Any CPU
		Release|Any CPU = Release|Any CPU
	EndGlobalSection
	GlobalSection(ProjectConfigurationPlatforms) = postSolution
		{3537F080-5F0D-4887-B315-48F95648BCC4}.Debug|Any CPU.ActiveCfg = Debug|Any CPU
		{3537F080-5F0D-4887-B315-48F95648BCC4}.Debug|Any CPU.Build.0 = Debug|Any CPU
		{3537F080-5F0D-4887-B315-48F95648BCC4}.Release|Any CPU.ActiveCfg = Release|Any CPU
		{3537F080-5F0D-4887-B315-48F95648BCC4}.Release|Any CPU.Build.0 = Release|Any CPU
	EndGlobalSection
	GlobalSection(SolutionProperties) = preSolution
		HideSolutionNode = FALSE
	EndGlobalSection
	GlobalSection(ExtensibilityGlobals) = postSolution
		SolutionGuid = {A486C4C0-F29F-45B1-ADB3-4E712D06CEF5}
	EndGlobalSection
EndGlobal
